
Microsoft Visual Studio Solution File, Format Version 12.00
# Visual Studio Version 16
VisualStudioVersion = 16.0.29806.167
MinimumVisualStudioVersion = 10.0.40219.1
Project("{FAE04EC0-301F-11D3-BF4B-00C04F79EFBC}") = "Note.Android", "Note\Note.Android\Note.Android.csproj", "{774A4009-106D-4DE2-814E-5E4C704BCF2F}"
EndProject
Project("{FAE04EC0-301F-11D3-BF4B-00C04F79EFBC}") = "Notes", "Note\Note\Notes.csproj", "{6D0CB3D8-9C36-4CD6-A534-63E803C393C4}"
EndProject
Global
	GlobalSection(SolutionConfigurationPlatforms) = preSolution
		Debug|Any CPU = Debug|Any CPU
		Release|Any CPU = Release|Any CPU
	EndGlobalSection
	GlobalSection(ProjectConfigurationPlatforms) = postSolution
		{774A4009-106D-4DE2-814E-5E4C704BCF2F}.Debug|Any CPU.ActiveCfg = Debug|Any CPU
		{774A4009-106D-4DE2-814E-5E4C704BCF2F}.Debug|Any CPU.Build.0 = Debug|Any CPU
		{774A4009-106D-4DE2-814E-5E4C704BCF2F}.Debug|Any CPU.Deploy.0 = Debug|Any CPU
		{774A4009-106D-4DE2-814E-5E4C704BCF2F}.Release|Any CPU.ActiveCfg = Release|Any CPU
		{774A4009-106D-4DE2-814E-5E4C704BCF2F}.Release|Any CPU.Build.0 = Release|Any CPU
		{774A4009-106D-4DE2-814E-5E4C704BCF2F}.Release|Any CPU.Deploy.0 = Release|Any CPU
		{6D0CB3D8-9C36-4CD6-A534-63E803C393C4}.Debug|Any CPU.ActiveCfg = Debug|Any CPU
		{6D0CB3D8-9C36-4CD6-A534-63E803C393C4}.Debug|Any CPU.Build.0 = Debug|Any CPU
		{6D0CB3D8-9C36-4CD6-A534-63E803C393C4}.Release|Any CPU.ActiveCfg = Release|Any CPU
		{6D0CB3D8-9C36-4CD6-A534-63E803C393C4}.Release|Any CPU.Build.0 = Release|Any CPU
	EndGlobalSection
	GlobalSection(SolutionProperties) = preSolution
		HideSolutionNode = FALSE
	EndGlobalSection
	GlobalSection(ExtensibilityGlobals) = postSolution
		SolutionGuid = {52AA6210-1567-4E41-AD26-DE9201964963}
	EndGlobalSection
EndGlobal
